
Microsoft Visual Studio Solution File, Format Version 12.00
# Visual Studio Version 17
VisualStudioVersion = 17.1.32407.343
MinimumVisualStudioVersion = 10.0.40219.1
Project("{FAE04EC0-301F-11D3-BF4B-00C04F79EFBC}") = "Module 4 Zadanie", "Module 4 Zadanie\Module 4 Zadanie.csproj", "{79BEA45D-BD33-4A7F-BFA7-ABD07484F117}"
EndProject
Global
	GlobalSection(SolutionConfigurationPlatforms) = preSolution
		Debug|Any CPU = Debug|Any CPU
		Release|Any CPU = Release|Any CPU
	EndGlobalSection
	GlobalSection(ProjectConfigurationPlatforms) = postSolution
		{79BEA45D-BD33-4A7F-BFA7-ABD07484F117}.Debug|Any CPU.ActiveCfg = Debug|Any CPU
		{79BEA45D-BD33-4A7F-BFA7-ABD07484F117}.Debug|Any CPU.Build.0 = Debug|Any CPU
		{79BEA45D-BD33-4A7F-BFA7-ABD07484F117}.Release|Any CPU.ActiveCfg = Release|Any CPU
		{79BEA45D-BD33-4A7F-BFA7-ABD07484F117}.Release|Any CPU.Build.0 = Release|Any CPU
	EndGlobalSection
	GlobalSection(SolutionProperties) = preSolution
		HideSolutionNode = FALSE
	EndGlobalSection
	GlobalSection(ExtensibilityGlobals) = postSolution
		SolutionGuid = {42EB1B02-F2DB-4818-923A-1051E9584390}
	EndGlobalSection
EndGlobal
